
Microsoft Visual Studio Solution File, Format Version 12.00
# Visual Studio Version 16
VisualStudioVersion = 16.0.29306.81
MinimumVisualStudioVersion = 10.0.40219.1
Project("{FAE04EC0-301F-11D3-BF4B-00C04F79EFBC}") = "WebApplication2", "WebApplication2\WebApplication2.csproj", "{D6B9B6B8-555D-41C0-914B-8810C6695ABD}"
EndProject
Global
	GlobalSection(SolutionConfigurationPlatforms) = preSolution
		Debug|Any CPU = Debug|Any CPU
		Release|Any CPU = Release|Any CPU
	EndGlobalSection
	GlobalSection(ProjectConfigurationPlatforms) = postSolution
		{D6B9B6B8-555D-41C0-914B-8810C6695ABD}.Debug|Any CPU.ActiveCfg = Debug|Any CPU
		{D6B9B6B8-555D-41C0-914B-8810C6695ABD}.Debug|Any CPU.Build.0 = Debug|Any CPU
		{D6B9B6B8-555D-41C0-914B-8810C6695ABD}.Release|Any CPU.ActiveCfg = Release|Any CPU
		{D6B9B6B8-555D-41C0-914B-8810C6695ABD}.Release|Any CPU.Build.0 = Release|Any CPU
	EndGlobalSection
	GlobalSection(SolutionProperties) = preSolution
		HideSolutionNode = FALSE
	EndGlobalSection
	GlobalSection(ExtensibilityGlobals) = postSolution
		SolutionGuid = {A5C81F99-161B-4CB0-9A8E-A2BEFC176585}
	EndGlobalSection
EndGlobal
